
Microsoft Visual Studio Solution File, Format Version 12.00
# Visual Studio 14
VisualStudioVersion = 14.0.25420.1
MinimumVisualStudioVersion = 10.0.40219.1
Project("{FAE04EC0-301F-11D3-BF4B-00C04F79EFBC}") = "WindowsFormsApplication1", "WindowsFormsApplication1\WindowsFormsApplication1.csproj", "{838EE631-43E8-4820-99EC-0F7127C0FC05}"
EndProject
Project("{FAE04EC0-301F-11D3-BF4B-00C04F79EFBC}") = "Common", "Commmon\Common.csproj", "{EC53003F-7BE2-4A48-A8B3-7DA320368A7F}"
EndProject
Project("{FAE04EC0-301F-11D3-BF4B-00C04F79EFBC}") = "Model", "Model\Model.csproj", "{5823B8E5-36E0-4FE1-99A4-25DD4E59726F}"
EndProject
Project("{FAE04EC0-301F-11D3-BF4B-00C04F79EFBC}") = "Dal", "Dal\Dal.csproj", "{9336BD0E-7078-4CBC-95B2-F2FEEC292D42}"
EndProject
Project("{FAE04EC0-301F-11D3-BF4B-00C04F79EFBC}") = "Bll", "Bll\Bll.csproj", "{771280BB-7301-4385-8338-9CD816F8470B}"
EndProject
Global
	GlobalSection(SolutionConfigurationPlatforms) = preSolution
		Debug|Any CPU = Debug|Any CPU
		Debug|Mixed Platforms = Debug|Mixed Platforms
		Debug|x86 = Debug|x86
		Release|Any CPU = Release|Any CPU
		Release|Mixed Platforms = Release|Mixed Platforms
		Release|x86 = Release|x86
	EndGlobalSection
	GlobalSection(ProjectConfigurationPlatforms) = postSolution
		{838EE631-43E8-4820-99EC-0F7127C0FC05}.Debug|Any CPU.ActiveCfg = Debug|x86
		{838EE631-43E8-4820-99EC-0F7127C0FC05}.Debug|Any CPU.Build.0 = Debug|x86
		{838EE631-43E8-4820-99EC-0F7127C0FC05}.Debug|Mixed Platforms.ActiveCfg = Debug|x86
		{838EE631-43E8-4820-99EC-0F7127C0FC05}.Debug|Mixed Platforms.Build.0 = Debug|x86
		{838EE631-43E8-4820-99EC-0F7127C0FC05}.Debug|x86.ActiveCfg = Debug|x86
		{838EE631-43E8-4820-99EC-0F7127C0FC05}.Debug|x86.Build.0 = Debug|x86
		{838EE631-43E8-4820-99EC-0F7127C0FC05}.Release|Any CPU.ActiveCfg = Release|x86
		{838EE631-43E8-4820-99EC-0F7127C0FC05}.Release|Mixed Platforms.ActiveCfg = Release|x86
		{838EE631-43E8-4820-99EC-0F7127C0FC05}.Release|Mixed Platforms.Build.0 = Release|x86
		{838EE631-43E8-4820-99EC-0F7127C0FC05}.Release|x86.ActiveCfg = Release|x86
		{838EE631-43E8-4820-99EC-0F7127C0FC05}.Release|x86.Build.0 = Release|x86
		{EC53003F-7BE2-4A48-A8B3-7DA320368A7F}.Debug|Any CPU.ActiveCfg = Debug|Any CPU
		{EC53003F-7BE2-4A48-A8B3-7DA320368A7F}.Debug|Any CPU.Build.0 = Debug|Any CPU
		{EC53003F-7BE2-4A48-A8B3-7DA320368A7F}.Debug|Mixed Platforms.ActiveCfg = Debug|Any CPU
		{EC53003F-7BE2-4A48-A8B3-7DA320368A7F}.Debug|Mixed Platforms.Build.0 = Debug|Any CPU
		{EC53003F-7BE2-4A48-A8B3-7DA320368A7F}.Debug|x86.ActiveCfg = Debug|Any CPU
		{EC53003F-7BE2-4A48-A8B3-7DA320368A7F}.Release|Any CPU.ActiveCfg = Release|Any CPU
		{EC53003F-7BE2-4A48-A8B3-7DA320368A7F}.Release|Any CPU.Build.0 = Release|Any CPU
		{EC53003F-7BE2-4A48-A8B3-7DA320368A7F}.Release|Mixed Platforms.ActiveCfg = Release|Any CPU
		{EC53003F-7BE2-4A48-A8B3-7DA320368A7F}.Release|Mixed Platforms.Build.0 = Release|Any CPU
		{EC53003F-7BE2-4A48-A8B3-7DA320368A7F}.Release|x86.ActiveCfg = Release|Any CPU
		{5823B8E5-36E0-4FE1-99A4-25DD4E59726F}.Debug|Any CPU.ActiveCfg = Debug|Any CPU
		{5823B8E5-36E0-4FE1-99A4-25DD4E59726F}.Debug|Any CPU.Build.0 = Debug|Any CPU
		{5823B8E5-36E0-4FE1-99A4-25DD4E59726F}.Debug|Mixed Platforms.ActiveCfg = Debug|Any CPU
		{5823B8E5-36E0-4FE1-99A4-25DD4E59726F}.Debug|Mixed Platforms.Build.0 = Debug|Any CPU
		{5823B8E5-36E0-4FE1-99A4-25DD4E59726F}.Debug|x86.ActiveCfg = Debug|Any CPU
		{5823B8E5-36E0-4FE1-99A4-25DD4E59726F}.Release|Any CPU.ActiveCfg = Release|Any CPU
		{5823B8E5-36E0-4FE1-99A4-25DD4E59726F}.Release|Any CPU.Build.0 = Release|Any CPU
		{5823B8E5-36E0-4FE1-99A4-25DD4E59726F}.Release|Mixed Platforms.ActiveCfg = Release|Any CPU
		{5823B8E5-36E0-4FE1-99A4-25DD4E59726F}.Release|Mixed Platforms.Build.0 = Release|Any CPU
		{5823B8E5-36E0-4FE1-99A4-25DD4E59726F}.Release|x86.ActiveCfg = Release|Any CPU
		{9336BD0E-7078-4CBC-95B2-F2FEEC292D42}.Debug|Any CPU.ActiveCfg = Debug|Any CPU
		{9336BD0E-7078-4CBC-95B2-F2FEEC292D42}.Debug|Any CPU.Build.0 = Debug|Any CPU
		{9336BD0E-7078-4CBC-95B2-F2FEEC292D42}.Debug|Mixed Platforms.ActiveCfg = Debug|Any CPU
		{9336BD0E-7078-4CBC-95B2-F2FEEC292D42}.Debug|Mixed Platforms.Build.0 = Debug|Any CPU
		{9336BD0E-7078-4CBC-95B2-F2FEEC292D42}.Debug|x86.ActiveCfg = Debug|Any CPU
		{9336BD0E-7078-4CBC-95B2-F2FEEC292D42}.Release|Any CPU.ActiveCfg = Release|Any CPU
		{9336BD0E-7078-4CBC-95B2-F2FEEC292D42}.Release|Any CPU.Build.0 = Release|Any CPU
		{9336BD0E-7078-4CBC-95B2-F2FEEC292D42}.Release|Mixed Platforms.ActiveCfg = Release|Any CPU
		{9336BD0E-7078-4CBC-95B2-F2FEEC292D42}.Release|Mixed Platforms.Build.0 = Release|Any CPU
		{9336BD0E-7078-4CBC-95B2-F2FEEC292D42}.Release|x86.ActiveCfg = Release|Any CPU
		{771280BB-7301-4385-8338-9CD816F8470B}.Debug|Any CPU.ActiveCfg = Debug|Any CPU
		{771280BB-7301-4385-8338-9CD816F8470B}.Debug|Any CPU.Build.0 = Debug|Any CPU
		{771280BB-7301-4385-8338-9CD816F8470B}.Debug|Mixed Platforms.ActiveCfg = Debug|Any CPU
		{771280BB-7301-4385-8338-9CD816F8470B}.Debug|Mixed Platforms.Build.0 = Debug|Any CPU
		{771280BB-7301-4385-8338-9CD816F8470B}.Debug|x86.ActiveCfg = Debug|Any CPU
		{771280BB-7301-4385-8338-9CD816F8470B}.Release|Any CPU.ActiveCfg = Release|Any CPU
		{771280BB-7301-4385-8338-9CD816F8470B}.Release|Any CPU.Build.0 = Release|Any CPU
		{771280BB-7301-4385-8338-9CD816F8470B}.Release|Mixed Platforms.ActiveCfg = Release|Any CPU
		{771280BB-7301-4385-8338-9CD816F8470B}.Release|Mixed Platforms.Build.0 = Release|Any CPU
		{771280BB-7301-4385-8338-9CD816F8470B}.Release|x86.ActiveCfg = Release|Any CPU
	EndGlobalSection
	GlobalSection(SolutionProperties) = preSolution
		HideSolutionNode = FALSE
	EndGlobalSection
EndGlobal
